{
  "name": "template",
  "lockfileVersion": 2,
  "requires": true,
  "packages": {
    "": {
      "dependencies": {
        "pspdfkit": "^2022.1.1"
      }
    },
    "node_modules/pspdfkit": {
      "version": "2022.1.1",
      "resolved": "https://registry.npmjs.org/pspdfkit/-/pspdfkit-2022.1.1.tgz",
      "integrity": "sha512-VlhsWddTy9w4bN1tRkTm5dNDk7eVkVDLU7gbJwy33S/fmwTcmvVrDGsKVx7lVH/yPyqNbKQT6InSUtstThP43Q=="
    }
  },
  "dependencies": {
    "pspdfkit": {
      "version": "2022.1.1",
      "resolved": "https://registry.npmjs.org/pspdfkit/-/pspdfkit-2022.1.1.tgz",
      "integrity": "sha512-VlhsWddTy9w4bN1tRkTm5dNDk7eVkVDLU7gbJwy33S/fmwTcmvVrDGsKVx7lVH/yPyqNbKQT6InSUtstThP43Q=="
    }
  }
}
