{
  "name": "template",
  "lockfileVersion": 2,
  "requires": true,
  "packages": {
    "": {
      "dependencies": {
        "pspdfkit": "^2022.1.1"
      },
      "devDependencies": {
        "ncp": "^2.0.0"
      }
    },
    "node_modules/ncp": {
      "version": "2.0.0",
      "resolved": "https://registry.npmjs.org/ncp/-/ncp-2.0.0.tgz",
      "integrity": "sha1-GVoh1sRuNh0vsSgbo4uR6d9727M=",
      "dev": true,
      "bin": {
        "ncp": "bin/ncp"
      }
    },
    "node_modules/pspdfkit": {
      "version": "2022.1.1",
      "resolved": "https://registry.npmjs.org/pspdfkit/-/pspdfkit-2022.1.1.tgz",
      "integrity": "sha512-VlhsWddTy9w4bN1tRkTm5dNDk7eVkVDLU7gbJwy33S/fmwTcmvVrDGsKVx7lVH/yPyqNbKQT6InSUtstThP43Q=="
    }
  },
  "dependencies": {
    "ncp": {
      "version": "2.0.0",
      "resolved": "https://registry.npmjs.org/ncp/-/ncp-2.0.0.tgz",
      "integrity": "sha1-GVoh1sRuNh0vsSgbo4uR6d9727M=",
      "dev": true
    },
    "pspdfkit": {
      "version": "2022.1.1",
      "resolved": "https://registry.npmjs.org/pspdfkit/-/pspdfkit-2022.1.1.tgz",
      "integrity": "sha512-VlhsWddTy9w4bN1tRkTm5dNDk7eVkVDLU7gbJwy33S/fmwTcmvVrDGsKVx7lVH/yPyqNbKQT6InSUtstThP43Q=="
    }
  }
}
